{
  "name": "cmmg-calendar",
  "version": "0.3.0",
  "lockfileVersion": 3,
  "requires": true,
  "packages": {
    "": {
      "name": "cmmg-calendar",
      "version": "0.3.0",
      "hasInstallScript": true,
      "engines": {
        "node": "^22.12.0 || >=24.0.0",
        "npm": ">=10"
      }
    }
  }
}
